
Microsoft Visual Studio Solution File, Format Version 12.00
# Visual Studio Version 17
VisualStudioVersion = 17.10.35013.160
MinimumVisualStudioVersion = 10.0.40219.1
Project("{FAE04EC0-301F-11D3-BF4B-00C04F79EFBC}") = "movimento canal do b7", "movimento canal do b7\movimento canal do b7.csproj", "{86830FC3-FC94-463E-8033-218E0BDF3123}"
EndProject
Global
	GlobalSection(SolutionConfigurationPlatforms) = preSolution
		Debug|Any CPU = Debug|Any CPU
		Release|Any CPU = Release|Any CPU
		wasd|Any CPU = wasd|Any CPU
	EndGlobalSection
	GlobalSection(ProjectConfigurationPlatforms) = postSolution
		{86830FC3-FC94-463E-8033-218E0BDF3123}.Debug|Any CPU.ActiveCfg = Debug|Any CPU
		{86830FC3-FC94-463E-8033-218E0BDF3123}.Debug|Any CPU.Build.0 = Debug|Any CPU
		{86830FC3-FC94-463E-8033-218E0BDF3123}.Release|Any CPU.ActiveCfg = Release|Any CPU
		{86830FC3-FC94-463E-8033-218E0BDF3123}.Release|Any CPU.Build.0 = Release|Any CPU
		{86830FC3-FC94-463E-8033-218E0BDF3123}.wasd|Any CPU.ActiveCfg = wasd|Any CPU
		{86830FC3-FC94-463E-8033-218E0BDF3123}.wasd|Any CPU.Build.0 = wasd|Any CPU
	EndGlobalSection
	GlobalSection(SolutionProperties) = preSolution
		HideSolutionNode = FALSE
	EndGlobalSection
	GlobalSection(ExtensibilityGlobals) = postSolution
		SolutionGuid = {B28C8C9F-3FC9-4CE3-9F8F-BA1DF100B748}
	EndGlobalSection
EndGlobal
